
Microsoft Visual Studio Solution File, Format Version 12.00
# Visual Studio Version 18
VisualStudioVersion = 18.0.11222.15 d18.0
MinimumVisualStudioVersion = 10.0.40219.1
Project("{FAE04EC0-301F-11D3-BF4B-00C04F79EFBC}") = "MusicStreamingServiceMain", "MusicStreamingServiceMain\MusicStreamingServiceMain.csproj", "{BF33A2C7-B5FD-484B-A478-25A88A33A30B}"
EndProject
Global
	GlobalSection(SolutionConfigurationPlatforms) = preSolution
		Debug|Any CPU = Debug|Any CPU
		Release|Any CPU = Release|Any CPU
	EndGlobalSection
	GlobalSection(ProjectConfigurationPlatforms) = postSolution
		{BF33A2C7-B5FD-484B-A478-25A88A33A30B}.Debug|Any CPU.ActiveCfg = Debug|Any CPU
		{BF33A2C7-B5FD-484B-A478-25A88A33A30B}.Debug|Any CPU.Build.0 = Debug|Any CPU
		{BF33A2C7-B5FD-484B-A478-25A88A33A30B}.Release|Any CPU.ActiveCfg = Release|Any CPU
		{BF33A2C7-B5FD-484B-A478-25A88A33A30B}.Release|Any CPU.Build.0 = Release|Any CPU
	EndGlobalSection
	GlobalSection(SolutionProperties) = preSolution
		HideSolutionNode = FALSE
	EndGlobalSection
	GlobalSection(ExtensibilityGlobals) = postSolution
		SolutionGuid = {C96F7285-5776-4184-A986-7BA4A3369D8E}
	EndGlobalSection
EndGlobal
